{
  "name": "mota-validation",
  "version": "2.0.3",
  "lockfileVersion": 1,
  "requires": true,
  "dependencies": {
    "@types/node": {
      "version": "10.5.5",
      "resolved": "http://registry.npm.alibaba-inc.com/@types/node/download/@types/node-10.5.5.tgz",
      "integrity": "sha1-joTSTols13sNT3PfJ0An4xSewro="
    },
    "@types/react": {
      "version": "16.4.7",
      "resolved": "http://registry.npm.alibaba-inc.com/@types/react/download/@types/react-16.4.7.tgz",
      "integrity": "sha1-8z9tdZp+GDO++hUiTWiULReKWj8=",
      "requires": {
        "csstype": "^2.2.0"
      }
    },
    "@types/react-dom": {
      "version": "16.0.6",
      "resolved": "http://registry.npm.alibaba-inc.com/@types/react-dom/download/@types/react-dom-16.0.6.tgz",
      "integrity": "sha1-8aZaTnvo7V0SP4s7nqzJE+NaGjw=",
      "requires": {
        "@types/node": "*",
        "@types/react": "*"
      }
    },
    "asap": {
      "version": "2.0.6",
      "resolved": "http://registry.npm.alibaba-inc.com/asap/download/asap-2.0.6.tgz",
      "integrity": "sha1-5QNHYR1+aQlDIIu9r+vLwvuGbUY="
    },
    "core-js": {
      "version": "1.2.7",
      "resolved": "http://registry.npm.alibaba-inc.com/core-js/download/core-js-1.2.7.tgz",
      "integrity": "sha1-ZSKUwUZR2yj6k70tX/KYOk8IxjY="
    },
    "create-react-class": {
      "version": "15.6.3",
      "resolved": "http://registry.npm.alibaba-inc.com/create-react-class/download/create-react-class-15.6.3.tgz",
      "integrity": "sha1-LXMjf7P5cK5uvgEanmb0bbyoADY=",
      "requires": {
        "fbjs": "^0.8.9",
        "loose-envify": "^1.3.1",
        "object-assign": "^4.1.1"
      }
    },
    "csstype": {
      "version": "2.5.6",
      "resolved": "http://registry.npm.alibaba-inc.com/csstype/download/csstype-2.5.6.tgz",
      "integrity": "sha1-KuHbIxlkLYuApmjS0CXGGWBx54g="
    },
    "eify": {
      "version": "1.0.3",
      "resolved": "http://registry.npm.alibaba-inc.com/eify/download/eify-1.0.3.tgz",
      "integrity": "sha1-iNhRWLCwThgmbUHUi5zdWgfhmXU=",
      "requires": {
        "ntils": "^4.0.0",
        "typescript": "^2.7.1"
      }
    },
    "encoding": {
      "version": "0.1.12",
      "resolved": "http://registry.npm.alibaba-inc.com/encoding/download/encoding-0.1.12.tgz",
      "integrity": "sha1-U4tm8+5izRq1HsMjgp0flIDHS+s=",
      "requires": {
        "iconv-lite": "~0.4.13"
      }
    },
    "fbjs": {
      "version": "0.8.17",
      "resolved": "http://registry.npm.alibaba-inc.com/fbjs/download/fbjs-0.8.17.tgz",
      "integrity": "sha1-xNWY6taUkRJlPWWIsBpc3Nn5D90=",
      "requires": {
        "core-js": "^1.0.0",
        "isomorphic-fetch": "^2.1.1",
        "loose-envify": "^1.0.0",
        "object-assign": "^4.1.0",
        "promise": "^7.1.1",
        "setimmediate": "^1.0.5",
        "ua-parser-js": "^0.7.18"
      }
    },
    "iconv-lite": {
      "version": "0.4.23",
      "resolved": "http://registry.npm.alibaba-inc.com/iconv-lite/download/iconv-lite-0.4.23.tgz",
      "integrity": "sha1-KXhx9jvlB63Pv8pxXQzQ7thOmmM=",
      "requires": {
        "safer-buffer": ">= 2.1.2 < 3"
      }
    },
    "is-stream": {
      "version": "1.1.0",
      "resolved": "http://registry.npm.alibaba-inc.com/is-stream/download/is-stream-1.1.0.tgz",
      "integrity": "sha1-EtSj3U5o4Lec6428hBc66A2RykQ="
    },
    "isomorphic-fetch": {
      "version": "2.2.1",
      "resolved": "http://registry.npm.alibaba-inc.com/isomorphic-fetch/download/isomorphic-fetch-2.2.1.tgz",
      "integrity": "sha1-YRrhrPFPXoH3KVB0coGf6XM1WKk=",
      "requires": {
        "node-fetch": "^1.0.1",
        "whatwg-fetch": ">=0.10.0"
      }
    },
    "js-tokens": {
      "version": "4.0.0",
      "resolved": "http://registry.npm.alibaba-inc.com/js-tokens/download/js-tokens-4.0.0.tgz",
      "integrity": "sha1-GSA/tZmR35jjoocFDUZHzerzJJk="
    },
    "loose-envify": {
      "version": "1.4.0",
      "resolved": "http://registry.npm.alibaba-inc.com/loose-envify/download/loose-envify-1.4.0.tgz",
      "integrity": "sha1-ce5R+nvkyuwaY4OffmgtgTLTDK8=",
      "requires": {
        "js-tokens": "^3.0.0 || ^4.0.0"
      }
    },
    "mota": {
      "version": "0.7.6",
      "resolved": "http://registry.npm.alibaba-inc.com/mota/download/mota-0.7.6.tgz",
      "integrity": "sha1-Fq0CGfd10zi+War3t8SI5ICCLp8="
    },
    "node-fetch": {
      "version": "1.7.3",
      "resolved": "http://registry.npm.alibaba-inc.com/node-fetch/download/node-fetch-1.7.3.tgz",
      "integrity": "sha1-mA9vcthSEaU0fGsrwYxbhMPrR+8=",
      "requires": {
        "encoding": "^0.1.11",
        "is-stream": "^1.0.1"
      }
    },
    "ntils": {
      "version": "4.0.4",
      "resolved": "http://registry.npm.alibaba-inc.com/ntils/download/ntils-4.0.4.tgz",
      "integrity": "sha1-qPqkdkMCeWRwCscL9u0PU7AMgT8="
    },
    "object-assign": {
      "version": "4.1.1",
      "resolved": "http://registry.npm.alibaba-inc.com/object-assign/download/object-assign-4.1.1.tgz",
      "integrity": "sha1-IQmtx5ZYh8/AXLvUQsrIv7s2CGM="
    },
    "promise": {
      "version": "7.3.1",
      "resolved": "http://registry.npm.alibaba-inc.com/promise/download/promise-7.3.1.tgz",
      "integrity": "sha1-BktyYCsY+Q8pGSuLG8QY/9Hr078=",
      "requires": {
        "asap": "~2.0.3"
      }
    },
    "promise-boost": {
      "version": "1.0.2",
      "resolved": "http://registry.npm.alibaba-inc.com/promise-boost/download/promise-boost-1.0.2.tgz",
      "integrity": "sha1-hXFhZoOGmUbh1UdTimoCG5flFIE="
    },
    "prop-types": {
      "version": "15.6.2",
      "resolved": "http://registry.npm.alibaba-inc.com/prop-types/download/prop-types-15.6.2.tgz",
      "integrity": "sha1-BdXKd7RFPphdYPx/+MhZCUpJcQI=",
      "requires": {
        "loose-envify": "^1.3.1",
        "object-assign": "^4.1.1"
      }
    },
    "react": {
      "version": "15.6.2",
      "resolved": "http://registry.npm.alibaba-inc.com/react/download/react-15.6.2.tgz",
      "integrity": "sha1-26BDSrQ5z+gvEI8PURZjkIF5qnI=",
      "requires": {
        "create-react-class": "^15.6.0",
        "fbjs": "^0.8.9",
        "loose-envify": "^1.1.0",
        "object-assign": "^4.1.0",
        "prop-types": "^15.5.10"
      }
    },
    "react-dom": {
      "version": "15.6.2",
      "resolved": "http://registry.npm.alibaba-inc.com/react-dom/download/react-dom-15.6.2.tgz",
      "integrity": "sha1-Qc+t9pO3V/rycIRDodH9WgK+9zA=",
      "requires": {
        "fbjs": "^0.8.9",
        "loose-envify": "^1.1.0",
        "object-assign": "^4.1.0",
        "prop-types": "^15.5.10"
      }
    },
    "safer-buffer": {
      "version": "2.1.2",
      "resolved": "http://registry.npm.alibaba-inc.com/safer-buffer/download/safer-buffer-2.1.2.tgz",
      "integrity": "sha1-RPoWGwGHuVSd2Eu5GAL5vYOFzWo="
    },
    "setimmediate": {
      "version": "1.0.5",
      "resolved": "http://registry.npm.alibaba-inc.com/setimmediate/download/setimmediate-1.0.5.tgz",
      "integrity": "sha1-KQy7Iy4waULX1+qbg3Mqt4VvgoU="
    },
    "typescript": {
      "version": "2.9.2",
      "resolved": "http://registry.npm.alibaba-inc.com/typescript/download/typescript-2.9.2.tgz",
      "integrity": "sha1-HL9h0F1rliaSROtqO85L2RTg8Aw="
    },
    "ua-parser-js": {
      "version": "0.7.18",
      "resolved": "http://registry.npm.alibaba-inc.com/ua-parser-js/download/ua-parser-js-0.7.18.tgz",
      "integrity": "sha1-p7/ZL1bt+xFwg7aeMdKqiILUse0="
    },
    "whatwg-fetch": {
      "version": "2.0.4",
      "resolved": "http://registry.npm.alibaba-inc.com/whatwg-fetch/download/whatwg-fetch-2.0.4.tgz",
      "integrity": "sha1-3eal3zFfnTmZGqF2IYU9cguFVm8="
    }
  }
}
